
Microsoft Visual Studio Solution File, Format Version 11.00
# Visual Studio 2010
Project("{FAE04EC0-301F-11D3-BF4B-00C04F79EFBC}") = "CoDServerWatcher", "CoDServerWatcher\CoDServerWatcher.csproj", "{FC0FB6E2-5C9A-411A-AA8D-35113F9D02C4}"
EndProject
Global
	GlobalSection(SolutionConfigurationPlatforms) = preSolution
		Debug|x86 = Debug|x86
		Release|x86 = Release|x86
	EndGlobalSection
	GlobalSection(ProjectConfigurationPlatforms) = postSolution
		{FC0FB6E2-5C9A-411A-AA8D-35113F9D02C4}.Debug|x86.ActiveCfg = Debug|x86
		{FC0FB6E2-5C9A-411A-AA8D-35113F9D02C4}.Debug|x86.Build.0 = Debug|x86
		{FC0FB6E2-5C9A-411A-AA8D-35113F9D02C4}.Release|x86.ActiveCfg = Release|x86
		{FC0FB6E2-5C9A-411A-AA8D-35113F9D02C4}.Release|x86.Build.0 = Release|x86
	EndGlobalSection
	GlobalSection(SolutionProperties) = preSolution
		HideSolutionNode = FALSE
	EndGlobalSection
EndGlobal
